
Microsoft Visual Studio Solution File, Format Version 12.00
# Visual Studio 15
VisualStudioVersion = 15.0.28307.271
MinimumVisualStudioVersion = 10.0.40219.1
Project("{FAE04EC0-301F-11D3-BF4B-00C04F79EFBC}") = "OverloadingMethods", "OverloadingMethods\OverloadingMethods.csproj", "{C0F49765-8EBF-4901-A0D3-D9F8D3A63649}"
EndProject
Global
	GlobalSection(SolutionConfigurationPlatforms) = preSolution
		Debug|Any CPU = Debug|Any CPU
		Release|Any CPU = Release|Any CPU
	EndGlobalSection
	GlobalSection(ProjectConfigurationPlatforms) = postSolution
		{C0F49765-8EBF-4901-A0D3-D9F8D3A63649}.Debug|Any CPU.ActiveCfg = Debug|Any CPU
		{C0F49765-8EBF-4901-A0D3-D9F8D3A63649}.Debug|Any CPU.Build.0 = Debug|Any CPU
		{C0F49765-8EBF-4901-A0D3-D9F8D3A63649}.Release|Any CPU.ActiveCfg = Release|Any CPU
		{C0F49765-8EBF-4901-A0D3-D9F8D3A63649}.Release|Any CPU.Build.0 = Release|Any CPU
	EndGlobalSection
	GlobalSection(SolutionProperties) = preSolution
		HideSolutionNode = FALSE
	EndGlobalSection
	GlobalSection(ExtensibilityGlobals) = postSolution
		SolutionGuid = {97E16AD2-190C-4363-8968-0F700533715A}
	EndGlobalSection
EndGlobal
